
Microsoft Visual Studio Solution File, Format Version 12.00
# Visual Studio 15
Project("{FAE04EC0-301F-11D3-BF4B-00C04F79EFBC}") = "Unity Project Final", "Unity Project Final.csproj", "{50CCD327-881C-D898-7970-1DAFE422036E}"
EndProject
Project("{FAE04EC0-301F-11D3-BF4B-00C04F79EFBC}") = "Unity Project Final.Editor.Plugins", "Unity Project Final.Editor.Plugins.csproj", "{722A1790-5C49-F678-3242-09A607BB4CA0}"
EndProject
Global
	GlobalSection(SolutionConfigurationPlatforms) = preSolution
		Debug|Any CPU = Debug|Any CPU
		Release|Any CPU = Release|Any CPU
	EndGlobalSection
	GlobalSection(ProjectConfigurationPlatforms) = postSolution
		{50CCD327-881C-D898-7970-1DAFE422036E}.Debug|Any CPU.ActiveCfg = Debug|Any CPU
		{50CCD327-881C-D898-7970-1DAFE422036E}.Debug|Any CPU.Build.0 = Debug|Any CPU
		{50CCD327-881C-D898-7970-1DAFE422036E}.Release|Any CPU.ActiveCfg = Release|Any CPU
		{50CCD327-881C-D898-7970-1DAFE422036E}.Release|Any CPU.Build.0 = Release|Any CPU
		{722A1790-5C49-F678-3242-09A607BB4CA0}.Debug|Any CPU.ActiveCfg = Debug|Any CPU
		{722A1790-5C49-F678-3242-09A607BB4CA0}.Debug|Any CPU.Build.0 = Debug|Any CPU
		{722A1790-5C49-F678-3242-09A607BB4CA0}.Release|Any CPU.ActiveCfg = Release|Any CPU
		{722A1790-5C49-F678-3242-09A607BB4CA0}.Release|Any CPU.Build.0 = Release|Any CPU
	EndGlobalSection
	GlobalSection(SolutionProperties) = preSolution
		HideSolutionNode = FALSE
	EndGlobalSection
EndGlobal
